
Microsoft Visual Studio Solution File, Format Version 12.00
# Visual Studio Version 17
VisualStudioVersion = 17.14.36221.1 d17.14
MinimumVisualStudioVersion = 10.0.40219.1
Project("{FAE04EC0-301F-11D3-BF4B-00C04F79EFBC}") = "Kino", "Kino\Kino.csproj", "{7B3CAED4-4619-4219-A516-24FCFE78B35D}"
EndProject
Project("{FAE04EC0-301F-11D3-BF4B-00C04F79EFBC}") = "Kino.Core", "Kino.Core\Kino.Core.csproj", "{B268BF6F-71DD-479C-A6BA-80C5A86F102A}"
EndProject
Project("{FAE04EC0-301F-11D3-BF4B-00C04F79EFBC}") = "Kino.Infrastructure", "Kino.Infrastructure\Kino.Infrastructure.csproj", "{4A0A4730-87C3-461B-8185-B98229BF5DE3}"
EndProject
Project("{FAE04EC0-301F-11D3-BF4B-00C04F79EFBC}") = "Kino.Repositories", "Kino.Repositories\Kino.Repositories.csproj", "{5CB2D98A-499B-424B-AD48-62DBEEB0AE4D}"
EndProject
Project("{FAE04EC0-301F-11D3-BF4B-00C04F79EFBC}") = "Kino.Services", "Kino.Services\Kino.Services.csproj", "{9BBA2276-ED9C-42B5-B2D8-1153C3272FD1}"
EndProject
Global
	GlobalSection(SolutionConfigurationPlatforms) = preSolution
		Debug|Any CPU = Debug|Any CPU
		Release|Any CPU = Release|Any CPU
	EndGlobalSection
	GlobalSection(ProjectConfigurationPlatforms) = postSolution
		{7B3CAED4-4619-4219-A516-24FCFE78B35D}.Debug|Any CPU.ActiveCfg = Debug|Any CPU
		{7B3CAED4-4619-4219-A516-24FCFE78B35D}.Debug|Any CPU.Build.0 = Debug|Any CPU
		{7B3CAED4-4619-4219-A516-24FCFE78B35D}.Release|Any CPU.ActiveCfg = Release|Any CPU
		{7B3CAED4-4619-4219-A516-24FCFE78B35D}.Release|Any CPU.Build.0 = Release|Any CPU
		{B268BF6F-71DD-479C-A6BA-80C5A86F102A}.Debug|Any CPU.ActiveCfg = Debug|Any CPU
		{B268BF6F-71DD-479C-A6BA-80C5A86F102A}.Debug|Any CPU.Build.0 = Debug|Any CPU
		{B268BF6F-71DD-479C-A6BA-80C5A86F102A}.Release|Any CPU.ActiveCfg = Release|Any CPU
		{B268BF6F-71DD-479C-A6BA-80C5A86F102A}.Release|Any CPU.Build.0 = Release|Any CPU
		{4A0A4730-87C3-461B-8185-B98229BF5DE3}.Debug|Any CPU.ActiveCfg = Debug|Any CPU
		{4A0A4730-87C3-461B-8185-B98229BF5DE3}.Debug|Any CPU.Build.0 = Debug|Any CPU
		{4A0A4730-87C3-461B-8185-B98229BF5DE3}.Release|Any CPU.ActiveCfg = Release|Any CPU
		{4A0A4730-87C3-461B-8185-B98229BF5DE3}.Release|Any CPU.Build.0 = Release|Any CPU
		{5CB2D98A-499B-424B-AD48-62DBEEB0AE4D}.Debug|Any CPU.ActiveCfg = Debug|Any CPU
		{5CB2D98A-499B-424B-AD48-62DBEEB0AE4D}.Debug|Any CPU.Build.0 = Debug|Any CPU
		{5CB2D98A-499B-424B-AD48-62DBEEB0AE4D}.Release|Any CPU.ActiveCfg = Release|Any CPU
		{5CB2D98A-499B-424B-AD48-62DBEEB0AE4D}.Release|Any CPU.Build.0 = Release|Any CPU
		{9BBA2276-ED9C-42B5-B2D8-1153C3272FD1}.Debug|Any CPU.ActiveCfg = Debug|Any CPU
		{9BBA2276-ED9C-42B5-B2D8-1153C3272FD1}.Debug|Any CPU.Build.0 = Debug|Any CPU
		{9BBA2276-ED9C-42B5-B2D8-1153C3272FD1}.Release|Any CPU.ActiveCfg = Release|Any CPU
		{9BBA2276-ED9C-42B5-B2D8-1153C3272FD1}.Release|Any CPU.Build.0 = Release|Any CPU
	EndGlobalSection
	GlobalSection(SolutionProperties) = preSolution
		HideSolutionNode = FALSE
	EndGlobalSection
	GlobalSection(ExtensibilityGlobals) = postSolution
		SolutionGuid = {580A86C0-2241-4FF1-B20F-2B08A8596FA4}
	EndGlobalSection
EndGlobal
